
Microsoft Visual Studio Solution File, Format Version 12.00
# Visual Studio 15
VisualStudioVersion = 15.0.27703.2035
MinimumVisualStudioVersion = 10.0.40219.1
Project("{FAE04EC0-301F-11D3-BF4B-00C04F79EFBC}") = "AsWindowsFormsApp", "AsWindowsFormsApp\AsWindowsFormsApp.csproj", "{30EF3B21-0CEA-467B-9F4F-910357A3A66E}"
EndProject
Project("{FAE04EC0-301F-11D3-BF4B-00C04F79EFBC}") = "AsWpfApp", "AsWpfApp\AsWpfApp.csproj", "{B7C064A1-0B51-44FE-9CFB-CB1D9C1DE523}"
EndProject
Global
	GlobalSection(SolutionConfigurationPlatforms) = preSolution
		Debug|Any CPU = Debug|Any CPU
		Release|Any CPU = Release|Any CPU
	EndGlobalSection
	GlobalSection(ProjectConfigurationPlatforms) = postSolution
		{30EF3B21-0CEA-467B-9F4F-910357A3A66E}.Debug|Any CPU.ActiveCfg = Debug|Any CPU
		{30EF3B21-0CEA-467B-9F4F-910357A3A66E}.Debug|Any CPU.Build.0 = Debug|Any CPU
		{30EF3B21-0CEA-467B-9F4F-910357A3A66E}.Release|Any CPU.ActiveCfg = Release|Any CPU
		{30EF3B21-0CEA-467B-9F4F-910357A3A66E}.Release|Any CPU.Build.0 = Release|Any CPU
		{B7C064A1-0B51-44FE-9CFB-CB1D9C1DE523}.Debug|Any CPU.ActiveCfg = Debug|Any CPU
		{B7C064A1-0B51-44FE-9CFB-CB1D9C1DE523}.Debug|Any CPU.Build.0 = Debug|Any CPU
		{B7C064A1-0B51-44FE-9CFB-CB1D9C1DE523}.Release|Any CPU.ActiveCfg = Release|Any CPU
		{B7C064A1-0B51-44FE-9CFB-CB1D9C1DE523}.Release|Any CPU.Build.0 = Release|Any CPU
	EndGlobalSection
	GlobalSection(SolutionProperties) = preSolution
		HideSolutionNode = FALSE
	EndGlobalSection
	GlobalSection(ExtensibilityGlobals) = postSolution
		SolutionGuid = {C91BAE94-763A-4032-9E54-CDEA1B1570AF}
	EndGlobalSection
EndGlobal
